
Microsoft Visual Studio Solution File, Format Version 12.00
# Visual Studio Version 17
VisualStudioVersion = 17.9.34607.119
MinimumVisualStudioVersion = 10.0.40219.1
Project("{2150E333-8FDC-42A3-9474-1A3956D46DE8}") = "src", "src", "{9A912161-9540-4E3D-86C6-0B1C46E8E058}"
EndProject
Project("{2150E333-8FDC-42A3-9474-1A3956D46DE8}") = "ApiGateway", "ApiGateway", "{4933417B-653C-439A-BB7C-E458E7B7388A}"
EndProject
Project("{2150E333-8FDC-42A3-9474-1A3956D46DE8}") = "Services", "Services", "{74972F7F-CD7F-488E-BF53-02BF0A974C38}"
EndProject
Project("{2150E333-8FDC-42A3-9474-1A3956D46DE8}") = "Product", "Product", "{0196C22E-3B02-4887-BBC6-2ECFA8180723}"
EndProject
Project("{9A19103F-16F7-4668-BE54-9A1E7A4F7556}") = "Product.API", "src\Services\Product\Product.API\Product.API.csproj", "{E573E295-4B44-4761-BF4F-929CE37E414E}"
EndProject
Project("{2150E333-8FDC-42A3-9474-1A3956D46DE8}") = "User", "User", "{BC90DC6B-DABC-4946-A689-3E3DB904F2C9}"
EndProject
Project("{FAE04EC0-301F-11D3-BF4B-00C04F79EFBC}") = "User.API", "src\Services\User\User.API\User.API.csproj", "{365836E4-EB9B-4CF7-9E40-3F233C60FCDF}"
EndProject
Project("{FAE04EC0-301F-11D3-BF4B-00C04F79EFBC}") = "Ocelot.ApiGateway", "src\ApiGateway\Ocelot.ApiGateway\Ocelot.ApiGateway.csproj", "{AB3604EC-6C2B-4278-883F-203051BC64A9}"
EndProject
Global
	GlobalSection(SolutionConfigurationPlatforms) = preSolution
		Debug|Any CPU = Debug|Any CPU
		Release|Any CPU = Release|Any CPU
	EndGlobalSection
	GlobalSection(ProjectConfigurationPlatforms) = postSolution
		{E573E295-4B44-4761-BF4F-929CE37E414E}.Debug|Any CPU.ActiveCfg = Debug|Any CPU
		{E573E295-4B44-4761-BF4F-929CE37E414E}.Debug|Any CPU.Build.0 = Debug|Any CPU
		{E573E295-4B44-4761-BF4F-929CE37E414E}.Release|Any CPU.ActiveCfg = Release|Any CPU
		{E573E295-4B44-4761-BF4F-929CE37E414E}.Release|Any CPU.Build.0 = Release|Any CPU
		{365836E4-EB9B-4CF7-9E40-3F233C60FCDF}.Debug|Any CPU.ActiveCfg = Debug|Any CPU
		{365836E4-EB9B-4CF7-9E40-3F233C60FCDF}.Debug|Any CPU.Build.0 = Debug|Any CPU
		{365836E4-EB9B-4CF7-9E40-3F233C60FCDF}.Release|Any CPU.ActiveCfg = Release|Any CPU
		{365836E4-EB9B-4CF7-9E40-3F233C60FCDF}.Release|Any CPU.Build.0 = Release|Any CPU
		{AB3604EC-6C2B-4278-883F-203051BC64A9}.Debug|Any CPU.ActiveCfg = Debug|Any CPU
		{AB3604EC-6C2B-4278-883F-203051BC64A9}.Debug|Any CPU.Build.0 = Debug|Any CPU
		{AB3604EC-6C2B-4278-883F-203051BC64A9}.Release|Any CPU.ActiveCfg = Release|Any CPU
		{AB3604EC-6C2B-4278-883F-203051BC64A9}.Release|Any CPU.Build.0 = Release|Any CPU
	EndGlobalSection
	GlobalSection(SolutionProperties) = preSolution
		HideSolutionNode = FALSE
	EndGlobalSection
	GlobalSection(NestedProjects) = preSolution
		{4933417B-653C-439A-BB7C-E458E7B7388A} = {9A912161-9540-4E3D-86C6-0B1C46E8E058}
		{74972F7F-CD7F-488E-BF53-02BF0A974C38} = {9A912161-9540-4E3D-86C6-0B1C46E8E058}
		{0196C22E-3B02-4887-BBC6-2ECFA8180723} = {74972F7F-CD7F-488E-BF53-02BF0A974C38}
		{E573E295-4B44-4761-BF4F-929CE37E414E} = {0196C22E-3B02-4887-BBC6-2ECFA8180723}
		{BC90DC6B-DABC-4946-A689-3E3DB904F2C9} = {74972F7F-CD7F-488E-BF53-02BF0A974C38}
		{365836E4-EB9B-4CF7-9E40-3F233C60FCDF} = {BC90DC6B-DABC-4946-A689-3E3DB904F2C9}
		{AB3604EC-6C2B-4278-883F-203051BC64A9} = {4933417B-653C-439A-BB7C-E458E7B7388A}
	EndGlobalSection
	GlobalSection(ExtensibilityGlobals) = postSolution
		SolutionGuid = {DA9D0A52-E1D6-4B7A-8258-F0420F893C11}
	EndGlobalSection
EndGlobal
